<?xml version="1.0" encoding="utf-8"?>
<Project ToolsVersion="15.0" xmlns="http://schemas.microsoft.com/developer/msbuild/2003">
  <ItemGroup>
    <CustomBuild Include="C:\Users\Dennis van Ee\Downloads\OpenSubdiv-master\CMakeFiles\6fc0acd12810a3a7927fc51b5297daf2\INSTALL_force.rule">
      <Filter>CMake Rules</Filter>
    </CustomBuild>
  </ItemGroup>
  <ItemGroup>
    <Filter Include="CMake Rules">
      <UniqueIdentifier>{0058E25A-C7BD-3E3C-8CFA-D7F056EB4919}</UniqueIdentifier>
    </Filter>
  </ItemGroup>
</Project>
