<?xml version="1.0" encoding="utf-8"?>
<Project ToolsVersion="4.0" xmlns="http://schemas.microsoft.com/developer/msbuild/2003">
  <ItemGroup>
    <Filter Include="Source Files">
      <UniqueIdentifier>{4FC737F1-C7A5-4376-A066-2A32D752A2FF}</UniqueIdentifier>
      <Extensions>cpp;c;cc;cxx;def;odl;idl;hpj;bat;asm;asmx</Extensions>
    </Filter>
    <Filter Include="Header Files">
      <UniqueIdentifier>{93995380-89BD-4b04-88EB-625FBE52EBFB}</UniqueIdentifier>
      <Extensions>h;hh;hpp;hxx;hm;inl;inc;xsd</Extensions>
    </Filter>
    <Filter Include="Resource Files">
      <UniqueIdentifier>{67DA6AB6-F800-4c08-8B7A-83BB121AAD01}</UniqueIdentifier>
      <Extensions>rc;ico;cur;bmp;dlg;rc2;rct;bin;rgs;gif;jpg;jpeg;jpe;resx;tiff;tif;png;wav;mfcribbon-ms</Extensions>
    </Filter>
  </ItemGroup>
  <ItemGroup>
    <None Include="Shaders\modelUniColor_vert.glsl" />
    <None Include="Shaders\modelUniColor_frag.glsl" />
    <None Include="Shaders\modelLightUniColor_vert.glsl" />
    <None Include="Shaders\modelLightUniColor_frag.glsl" />
    <None Include="Shaders\modelRefract_frag.glsl" />
    <None Include="Shaders\modelRefract_vert.glsl" />
    <None Include="Shaders\skyBox_frag.glsl" />
    <None Include="Shaders\skyBox_vert.glsl" />
    <None Include="Shaders\modelRefract_geom.glsl" />
    <None Include="Shaders\lineUniColor_vert.glsl" />
    <None Include="Shaders\lineUniColor_frag.glsl" />
    <None Include="src\SoftBody\Simulation\SBSimulation.inl">
      <Filter>Header Files</Filter>
    </None>
    <None Include="prop.ini" />
    <None Include="Shaders\eyeball_frag.glsl" />
    <None Include="Shaders\eyeball_vert.glsl" />
    <None Include="Shaders\eyeview_frag.glsl" />
    <None Include="Shaders\eyeview_vert.glsl" />
  </ItemGroup>
  <ItemGroup>
    <ClCompile Include="src\Mesh\Mesh.cpp">
      <Filter>Source Files</Filter>
    </ClCompile>
    <ClCompile Include="src\Mesh\MeshGenerator.cpp">
      <Filter>Source Files</Filter>
    </ClCompile>
    <ClCompile Include="src\Mesh\Subdivision.cpp">
      <Filter>Source Files</Filter>
    </ClCompile>
    <ClCompile Include="src\RayTracing\RayTracer.cpp">
      <Filter>Source Files</Filter>
    </ClCompile>
    <ClCompile Include="src\RayTracing\RTObjectMesh.cpp">
      <Filter>Source Files</Filter>
    </ClCompile>
    <ClCompile Include="src\RayTracing\RTObjectSphere.cpp">
      <Filter>Source Files</Filter>
    </ClCompile>
    <ClCompile Include="src\RayTracing\RTUtility.cpp">
      <Filter>Source Files</Filter>
    </ClCompile>
    <ClCompile Include="src\Rendering\TexturePacks\EyeballTextPack.cpp">
      <Filter>Source Files</Filter>
    </ClCompile>
    <ClCompile Include="src\Rendering\TexturePacks\LightUniColorTextPack.cpp">
      <Filter>Source Files</Filter>
    </ClCompile>
    <ClCompile Include="src\Rendering\TexturePacks\LineUniColorTextPack.cpp">
      <Filter>Source Files</Filter>
    </ClCompile>
    <ClCompile Include="src\Rendering\TexturePacks\RefractTextPack.cpp">
      <Filter>Source Files</Filter>
    </ClCompile>
    <ClCompile Include="src\Rendering\TexturePacks\SkyBoxTextPack.cpp">
      <Filter>Source Files</Filter>
    </ClCompile>
    <ClCompile Include="src\Rendering\TexturePacks\UniColorTextPack.cpp">
      <Filter>Source Files</Filter>
    </ClCompile>
    <ClCompile Include="src\Rendering\Textures\CubeMap.cpp">
      <Filter>Source Files</Filter>
    </ClCompile>
    <ClCompile Include="src\Rendering\Textures\Texture.cpp">
      <Filter>Source Files</Filter>
    </ClCompile>
    <ClCompile Include="src\Rendering\Camera.cpp">
      <Filter>Source Files</Filter>
    </ClCompile>
    <ClCompile Include="src\Rendering\Drawable.cpp">
      <Filter>Source Files</Filter>
    </ClCompile>
    <ClCompile Include="src\Rendering\DrawableMeshContainer.cpp">
      <Filter>Source Files</Filter>
    </ClCompile>
    <ClCompile Include="src\Rendering\DrawLine.cpp">
      <Filter>Source Files</Filter>
    </ClCompile>
    <ClCompile Include="src\Rendering\Lens.cpp">
      <Filter>Source Files</Filter>
    </ClCompile>
    <ClCompile Include="src\Rendering\Renderer.cpp">
      <Filter>Source Files</Filter>
    </ClCompile>
    <ClCompile Include="src\Rendering\shader.cpp">
      <Filter>Source Files</Filter>
    </ClCompile>
    <ClCompile Include="src\Rendering\SkyBox.cpp">
      <Filter>Source Files</Filter>
    </ClCompile>
    <ClCompile Include="src\SoftBody\Constraints\SBLengthConstraint.cpp">
      <Filter>Source Files</Filter>
    </ClCompile>
    <ClCompile Include="src\SoftBody\Integrators\SBVerletIntegrator.cpp">
      <Filter>Source Files</Filter>
    </ClCompile>
    <ClCompile Include="src\SoftBody\Objects\SBVertex.cpp">
      <Filter>Source Files</Filter>
    </ClCompile>
    <ClCompile Include="src\SoftBody\Simulation\SBClosedBodySim.cpp">
      <Filter>Source Files</Filter>
    </ClCompile>
    <ClCompile Include="src\SoftBody\Simulation\SBMeshBasedSim.cpp">
      <Filter>Source Files</Filter>
    </ClCompile>
    <ClCompile Include="src\SoftBody\Simulation\SBSimulation.cpp">
      <Filter>Source Files</Filter>
    </ClCompile>
    <ClCompile Include="src\SoftBody\SBSpring.cpp">
      <Filter>Source Files</Filter>
    </ClCompile>
    <ClCompile Include="src\SoftBody\SBUtilities.cpp">
      <Filter>Source Files</Filter>
    </ClCompile>
    <ClCompile Include="src\STBI\stb_image.cpp">
      <Filter>Source Files</Filter>
    </ClCompile>
    <ClCompile Include="src\Initialization.cpp">
      <Filter>Source Files</Filter>
    </ClCompile>
    <ClCompile Include="src\main.cpp">
      <Filter>Source Files</Filter>
    </ClCompile>
    <ClCompile Include="..\dependencies\glad\src\glad.c">
      <Filter>Source Files</Filter>
    </ClCompile>
    <ClCompile Include="src\Rendering\PlaneBuffer.cpp">
      <Filter>Source Files</Filter>
    </ClCompile>
  </ItemGroup>
  <ItemGroup>
    <ClInclude Include="src\Mesh\Mesh.hpp">
      <Filter>Header Files</Filter>
    </ClInclude>
    <ClInclude Include="src\Mesh\MeshGenerator.hpp">
      <Filter>Header Files</Filter>
    </ClInclude>
    <ClInclude Include="src\Mesh\MeshPool.hpp">
      <Filter>Header Files</Filter>
    </ClInclude>
    <ClInclude Include="src\Mesh\PerfectSphere.hpp">
      <Filter>Header Files</Filter>
    </ClInclude>
    <ClInclude Include="src\Mesh\Subdivision.hpp">
      <Filter>Header Files</Filter>
    </ClInclude>
    <ClInclude Include="src\RayTracing\EyeBall.hpp">
      <Filter>Header Files</Filter>
    </ClInclude>
    <ClInclude Include="src\RayTracing\RayTracer.hpp">
      <Filter>Header Files</Filter>
    </ClInclude>
    <ClInclude Include="src\RayTracing\RTObject.hpp">
      <Filter>Header Files</Filter>
    </ClInclude>
    <ClInclude Include="src\RayTracing\RTObjectMesh.hpp">
      <Filter>Header Files</Filter>
    </ClInclude>
    <ClInclude Include="src\RayTracing\RTObjectSphere.hpp">
      <Filter>Header Files</Filter>
    </ClInclude>
    <ClInclude Include="src\RayTracing\RTRay.hpp">
      <Filter>Header Files</Filter>
    </ClInclude>
    <ClInclude Include="src\RayTracing\RTUtility.hpp">
      <Filter>Header Files</Filter>
    </ClInclude>
    <ClInclude Include="src\RayTracing\Scene.hpp">
      <Filter>Header Files</Filter>
    </ClInclude>
    <ClInclude Include="src\Rendering\TexturePacks\EyeballTextPack.hpp">
      <Filter>Header Files</Filter>
    </ClInclude>
    <ClInclude Include="src\Rendering\TexturePacks\LightUniColorTextpack.hpp">
      <Filter>Header Files</Filter>
    </ClInclude>
    <ClInclude Include="src\Rendering\TexturePacks\LineUniColorTextPack.hpp">
      <Filter>Header Files</Filter>
    </ClInclude>
    <ClInclude Include="src\Rendering\TexturePacks\RefractTextPack.hpp">
      <Filter>Header Files</Filter>
    </ClInclude>
    <ClInclude Include="src\Rendering\TexturePacks\ShaderMaterial.hpp">
      <Filter>Header Files</Filter>
    </ClInclude>
    <ClInclude Include="src\Rendering\TexturePacks\SkyBoxTextPack.hpp">
      <Filter>Header Files</Filter>
    </ClInclude>
    <ClInclude Include="src\Rendering\TexturePacks\TexturePack.hpp">
      <Filter>Header Files</Filter>
    </ClInclude>
    <ClInclude Include="src\Rendering\TexturePacks\UniColorTextPack.hpp">
      <Filter>Header Files</Filter>
    </ClInclude>
    <ClInclude Include="src\Rendering\Textures\CubeMap.hpp">
      <Filter>Header Files</Filter>
    </ClInclude>
    <ClInclude Include="src\Rendering\Textures\Texture.hpp">
      <Filter>Header Files</Filter>
    </ClInclude>
    <ClInclude Include="src\Rendering\Camera.hpp">
      <Filter>Header Files</Filter>
    </ClInclude>
    <ClInclude Include="src\Rendering\Drawable.hpp">
      <Filter>Header Files</Filter>
    </ClInclude>
    <ClInclude Include="src\Rendering\DrawableMeshContainer.hpp">
      <Filter>Header Files</Filter>
    </ClInclude>
    <ClInclude Include="src\Rendering\DrawLine.hpp">
      <Filter>Header Files</Filter>
    </ClInclude>
    <ClInclude Include="src\Rendering\Lens.hpp">
      <Filter>Header Files</Filter>
    </ClInclude>
    <ClInclude Include="src\Rendering\Renderer.hpp">
      <Filter>Header Files</Filter>
    </ClInclude>
    <ClInclude Include="src\Rendering\shader.hpp">
      <Filter>Header Files</Filter>
    </ClInclude>
    <ClInclude Include="src\Rendering\SkyBox.hpp">
      <Filter>Header Files</Filter>
    </ClInclude>
    <ClInclude Include="src\SoftBody\Constraints\SBConstraint.hpp">
      <Filter>Header Files</Filter>
    </ClInclude>
    <ClInclude Include="src\SoftBody\Constraints\SBLengthConstraint.hpp">
      <Filter>Header Files</Filter>
    </ClInclude>
    <ClInclude Include="src\SoftBody\Constraints\SBPointConstraint.hpp">
      <Filter>Header Files</Filter>
    </ClInclude>
    <ClInclude Include="src\SoftBody\ForceGens\SBGlobalForceGen.hpp">
      <Filter>Header Files</Filter>
    </ClInclude>
    <ClInclude Include="src\SoftBody\ForceGens\SBGravity.hpp">
      <Filter>Header Files</Filter>
    </ClInclude>
    <ClInclude Include="src\SoftBody\ForceGens\SBLocalForceGen.hpp">
      <Filter>Header Files</Filter>
    </ClInclude>
    <ClInclude Include="src\SoftBody\ForceGens\SBMedium.hpp">
      <Filter>Header Files</Filter>
    </ClInclude>
    <ClInclude Include="src\SoftBody\Integrators\SBForwardEuler.hpp">
      <Filter>Header Files</Filter>
    </ClInclude>
    <ClInclude Include="src\SoftBody\Integrators\SBIntegrator.hpp">
      <Filter>Header Files</Filter>
    </ClInclude>
    <ClInclude Include="src\SoftBody\Integrators\SBVerletIntegrator.hpp">
      <Filter>Header Files</Filter>
    </ClInclude>
    <ClInclude Include="src\SoftBody\Objects\SBFixedPoint.hpp">
      <Filter>Header Files</Filter>
    </ClInclude>
    <ClInclude Include="src\SoftBody\Objects\SBObject.hpp">
      <Filter>Header Files</Filter>
    </ClInclude>
    <ClInclude Include="src\SoftBody\Objects\SBVertex.hpp">
      <Filter>Header Files</Filter>
    </ClInclude>
    <ClInclude Include="src\SoftBody\Simulation\SBClosedBodySim.hpp">
      <Filter>Header Files</Filter>
    </ClInclude>
    <ClInclude Include="src\SoftBody\Simulation\SBMeshBasedSim.hpp">
      <Filter>Header Files</Filter>
    </ClInclude>
    <ClInclude Include="src\SoftBody\Simulation\SBSimulation.hpp">
      <Filter>Header Files</Filter>
    </ClInclude>
    <ClInclude Include="src\SoftBody\SBSpring.hpp">
      <Filter>Header Files</Filter>
    </ClInclude>
    <ClInclude Include="src\SoftBody\SBUtilities.hpp">
      <Filter>Header Files</Filter>
    </ClInclude>
    <ClInclude Include="src\STBI\stb_image.hpp">
      <Filter>Header Files</Filter>
    </ClInclude>
    <ClInclude Include="src\Initialization.hpp">
      <Filter>Header Files</Filter>
    </ClInclude>
    <ClInclude Include="src\Types.hpp">
      <Filter>Header Files</Filter>
    </ClInclude>
    <ClInclude Include="src\Rendering\PlaneBuffer.hpp">
      <Filter>Header Files</Filter>
    </ClInclude>
    <ClInclude Include="src\RayTracing\Pupil.hpp">
      <Filter>Header Files</Filter>
    </ClInclude>
  </ItemGroup>
</Project>