<?xml version="1.0" encoding="utf-8"?>
<Project ToolsVersion="15.0" xmlns="http://schemas.microsoft.com/developer/msbuild/2003">
  <ItemGroup>
    <ClCompile Include="C:\Users\Dennis van Ee\Downloads\OpenSubdiv-master\opensubdiv\version.cpp">
      <Filter>Source Files</Filter>
    </ClCompile>
  </ItemGroup>
  <ItemGroup>
    <Object Include="C:\Users\Dennis van Ee\Downloads\OpenSubdiv-master\opensubdiv\osd\osd_gpu_obj.dir\$(Configuration)\cpuGLVertexBuffer.obj">
      <Filter>Object Libraries</Filter>
    </Object>
    <Object Include="C:\Users\Dennis van Ee\Downloads\OpenSubdiv-master\opensubdiv\osd\osd_gpu_obj.dir\$(Configuration)\glLegacyGregoryPatchTable.obj">
      <Filter>Object Libraries</Filter>
    </Object>
    <Object Include="C:\Users\Dennis van Ee\Downloads\OpenSubdiv-master\opensubdiv\osd\osd_gpu_obj.dir\$(Configuration)\glPatchTable.obj">
      <Filter>Object Libraries</Filter>
    </Object>
    <Object Include="C:\Users\Dennis van Ee\Downloads\OpenSubdiv-master\opensubdiv\osd\osd_gpu_obj.dir\$(Configuration)\glVertexBuffer.obj">
      <Filter>Object Libraries</Filter>
    </Object>
    <Object Include="C:\Users\Dennis van Ee\Downloads\OpenSubdiv-master\opensubdiv\osd\osd_gpu_obj.dir\$(Configuration)\glslPatchShaderSource.obj">
      <Filter>Object Libraries</Filter>
    </Object>
    <Object Include="C:\Users\Dennis van Ee\Downloads\OpenSubdiv-master\opensubdiv\osd\osd_gpu_obj.dir\$(Configuration)\glXFBEvaluator.obj">
      <Filter>Object Libraries</Filter>
    </Object>
    <Object Include="C:\Users\Dennis van Ee\Downloads\OpenSubdiv-master\opensubdiv\osd\osd_gpu_obj.dir\$(Configuration)\glComputeEvaluator.obj">
      <Filter>Object Libraries</Filter>
    </Object>
    <Object Include="C:\Users\Dennis van Ee\Downloads\OpenSubdiv-master\opensubdiv\osd\osd_gpu_obj.dir\$(Configuration)\cpuD3D11VertexBuffer.obj">
      <Filter>Object Libraries</Filter>
    </Object>
    <Object Include="C:\Users\Dennis van Ee\Downloads\OpenSubdiv-master\opensubdiv\osd\osd_gpu_obj.dir\$(Configuration)\d3d11ComputeEvaluator.obj">
      <Filter>Object Libraries</Filter>
    </Object>
    <Object Include="C:\Users\Dennis van Ee\Downloads\OpenSubdiv-master\opensubdiv\osd\osd_gpu_obj.dir\$(Configuration)\d3d11LegacyGregoryPatchTable.obj">
      <Filter>Object Libraries</Filter>
    </Object>
    <Object Include="C:\Users\Dennis van Ee\Downloads\OpenSubdiv-master\opensubdiv\osd\osd_gpu_obj.dir\$(Configuration)\d3d11PatchTable.obj">
      <Filter>Object Libraries</Filter>
    </Object>
    <Object Include="C:\Users\Dennis van Ee\Downloads\OpenSubdiv-master\opensubdiv\osd\osd_gpu_obj.dir\$(Configuration)\d3d11VertexBuffer.obj">
      <Filter>Object Libraries</Filter>
    </Object>
    <Object Include="C:\Users\Dennis van Ee\Downloads\OpenSubdiv-master\opensubdiv\osd\osd_gpu_obj.dir\$(Configuration)\hlslPatchShaderSource.obj">
      <Filter>Object Libraries</Filter>
    </Object>
  </ItemGroup>
  <ItemGroup>
    <Filter Include="Object Libraries">
      <UniqueIdentifier>{02F00D8C-7D70-3A79-ABCC-D5C4427890F3}</UniqueIdentifier>
    </Filter>
    <Filter Include="Source Files">
      <UniqueIdentifier>{D5774E70-5903-3ABA-BB6B-2E75A8929DAD}</UniqueIdentifier>
    </Filter>
  </ItemGroup>
</Project>
