<?xml version="1.0" encoding="utf-8"?>
<Project ToolsVersion="15.0" xmlns="http://schemas.microsoft.com/developer/msbuild/2003">
  <ItemGroup>
    <ClCompile Include="C:\Users\Dennis van Ee\Downloads\OpenSubdiv-master\opensubdiv\osd\cpuEvaluator.cpp">
      <Filter>Source Files</Filter>
    </ClCompile>
    <ClCompile Include="C:\Users\Dennis van Ee\Downloads\OpenSubdiv-master\opensubdiv\osd\cpuKernel.cpp">
      <Filter>Source Files</Filter>
    </ClCompile>
    <ClCompile Include="C:\Users\Dennis van Ee\Downloads\OpenSubdiv-master\opensubdiv\osd\cpuPatchTable.cpp">
      <Filter>Source Files</Filter>
    </ClCompile>
    <ClCompile Include="C:\Users\Dennis van Ee\Downloads\OpenSubdiv-master\opensubdiv\osd\cpuVertexBuffer.cpp">
      <Filter>Source Files</Filter>
    </ClCompile>
    <ClCompile Include="C:\Users\Dennis van Ee\Downloads\OpenSubdiv-master\opensubdiv\osd\ompEvaluator.cpp">
      <Filter>Source Files</Filter>
    </ClCompile>
    <ClCompile Include="C:\Users\Dennis van Ee\Downloads\OpenSubdiv-master\opensubdiv\osd\ompKernel.cpp">
      <Filter>Source Files</Filter>
    </ClCompile>
  </ItemGroup>
  <ItemGroup>
    <ClInclude Include="C:\Users\Dennis van Ee\Downloads\OpenSubdiv-master\opensubdiv\osd\cpuKernel.h">
      <Filter>Header Files</Filter>
    </ClInclude>
    <ClInclude Include="C:\Users\Dennis van Ee\Downloads\OpenSubdiv-master\opensubdiv\osd\bufferDescriptor.h">
      <Filter>Header Files</Filter>
    </ClInclude>
    <ClInclude Include="C:\Users\Dennis van Ee\Downloads\OpenSubdiv-master\opensubdiv\osd\cpuEvaluator.h">
      <Filter>Header Files</Filter>
    </ClInclude>
    <ClInclude Include="C:\Users\Dennis van Ee\Downloads\OpenSubdiv-master\opensubdiv\osd\cpuPatchTable.h">
      <Filter>Header Files</Filter>
    </ClInclude>
    <ClInclude Include="C:\Users\Dennis van Ee\Downloads\OpenSubdiv-master\opensubdiv\osd\cpuVertexBuffer.h">
      <Filter>Header Files</Filter>
    </ClInclude>
    <ClInclude Include="C:\Users\Dennis van Ee\Downloads\OpenSubdiv-master\opensubdiv\osd\mesh.h">
      <Filter>Header Files</Filter>
    </ClInclude>
    <ClInclude Include="C:\Users\Dennis van Ee\Downloads\OpenSubdiv-master\opensubdiv\osd\nonCopyable.h">
      <Filter>Header Files</Filter>
    </ClInclude>
    <ClInclude Include="C:\Users\Dennis van Ee\Downloads\OpenSubdiv-master\opensubdiv\osd\opengl.h">
      <Filter>Header Files</Filter>
    </ClInclude>
    <ClInclude Include="C:\Users\Dennis van Ee\Downloads\OpenSubdiv-master\opensubdiv\osd\types.h">
      <Filter>Header Files</Filter>
    </ClInclude>
    <ClInclude Include="C:\Users\Dennis van Ee\Downloads\OpenSubdiv-master\opensubdiv\osd\ompEvaluator.h">
      <Filter>Header Files</Filter>
    </ClInclude>
    <ClInclude Include="C:\Users\Dennis van Ee\Downloads\OpenSubdiv-master\opensubdiv\osd\ompKernel.h">
      <Filter>Header Files</Filter>
    </ClInclude>
    <ClInclude Include="C:\Users\Dennis van Ee\Downloads\OpenSubdiv-master\opensubdiv\osd\cpuGLVertexBuffer.h">
      <Filter>Header Files</Filter>
    </ClInclude>
    <ClInclude Include="C:\Users\Dennis van Ee\Downloads\OpenSubdiv-master\opensubdiv\osd\glLegacyGregoryPatchTable.h">
      <Filter>Header Files</Filter>
    </ClInclude>
    <ClInclude Include="C:\Users\Dennis van Ee\Downloads\OpenSubdiv-master\opensubdiv\osd\glPatchTable.h">
      <Filter>Header Files</Filter>
    </ClInclude>
    <ClInclude Include="C:\Users\Dennis van Ee\Downloads\OpenSubdiv-master\opensubdiv\osd\glVertexBuffer.h">
      <Filter>Header Files</Filter>
    </ClInclude>
    <ClInclude Include="C:\Users\Dennis van Ee\Downloads\OpenSubdiv-master\opensubdiv\osd\glMesh.h">
      <Filter>Header Files</Filter>
    </ClInclude>
    <ClInclude Include="C:\Users\Dennis van Ee\Downloads\OpenSubdiv-master\opensubdiv\osd\glslPatchShaderSource.h">
      <Filter>Header Files</Filter>
    </ClInclude>
    <ClInclude Include="C:\Users\Dennis van Ee\Downloads\OpenSubdiv-master\opensubdiv\osd\glXFBEvaluator.h">
      <Filter>Header Files</Filter>
    </ClInclude>
    <ClInclude Include="C:\Users\Dennis van Ee\Downloads\OpenSubdiv-master\opensubdiv\osd\glComputeEvaluator.h">
      <Filter>Header Files</Filter>
    </ClInclude>
    <ClInclude Include="C:\Users\Dennis van Ee\Downloads\OpenSubdiv-master\opensubdiv\osd\cpuD3D11VertexBuffer.h">
      <Filter>Header Files</Filter>
    </ClInclude>
    <ClInclude Include="C:\Users\Dennis van Ee\Downloads\OpenSubdiv-master\opensubdiv\osd\d3d11ComputeEvaluator.h">
      <Filter>Header Files</Filter>
    </ClInclude>
    <ClInclude Include="C:\Users\Dennis van Ee\Downloads\OpenSubdiv-master\opensubdiv\osd\d3d11LegacyGregoryPatchTable.h">
      <Filter>Header Files</Filter>
    </ClInclude>
    <ClInclude Include="C:\Users\Dennis van Ee\Downloads\OpenSubdiv-master\opensubdiv\osd\d3d11PatchTable.h">
      <Filter>Header Files</Filter>
    </ClInclude>
    <ClInclude Include="C:\Users\Dennis van Ee\Downloads\OpenSubdiv-master\opensubdiv\osd\d3d11VertexBuffer.h">
      <Filter>Header Files</Filter>
    </ClInclude>
    <ClInclude Include="C:\Users\Dennis van Ee\Downloads\OpenSubdiv-master\opensubdiv\osd\d3d11Mesh.h">
      <Filter>Header Files</Filter>
    </ClInclude>
    <ClInclude Include="C:\Users\Dennis van Ee\Downloads\OpenSubdiv-master\opensubdiv\osd\hlslPatchShaderSource.h">
      <Filter>Header Files</Filter>
    </ClInclude>
  </ItemGroup>
  <ItemGroup>
    <Filter Include="Header Files">
      <UniqueIdentifier>{25A59157-65A3-3BBC-808F-065AA47AC36B}</UniqueIdentifier>
    </Filter>
    <Filter Include="Source Files">
      <UniqueIdentifier>{D5774E70-5903-3ABA-BB6B-2E75A8929DAD}</UniqueIdentifier>
    </Filter>
  </ItemGroup>
</Project>
