<?xml version="1.0" encoding="utf-8"?>
<Project ToolsVersion="15.0" xmlns="http://schemas.microsoft.com/developer/msbuild/2003">
  <ItemGroup>
    <ClCompile Include="C:\Users\Dennis van Ee\Downloads\OpenSubdiv-master\opensubdiv\tools\stringify\main.cpp">
      <Filter>Source Files</Filter>
    </ClCompile>
  </ItemGroup>
  <ItemGroup>
    <Filter Include="Source Files">
      <UniqueIdentifier>{D5774E70-5903-3ABA-BB6B-2E75A8929DAD}</UniqueIdentifier>
    </Filter>
  </ItemGroup>
</Project>
